
Microsoft Visual Studio Solution File, Format Version 12.00
# Visual Studio Version 17
VisualStudioVersion = 17.12.35527.113 d17.12
MinimumVisualStudioVersion = 10.0.40219.1
Project("{FAE04EC0-301F-11D3-BF4B-00C04F79EFBC}") = "LinkDev.IKEA.PL", "LinkDev.IKEA.PL\LinkDev.IKEA.PL.csproj", "{AAEAC354-F432-4B41-951F-75F4CFB1E8FA}"
EndProject
Project("{FAE04EC0-301F-11D3-BF4B-00C04F79EFBC}") = "LinkDev.IKEA.BLL", "LinkDev.IKEA.BLL\LinkDev.IKEA.BLL.csproj", "{34A31029-5DB7-4C94-ACCD-E101DD2B2055}"
EndProject
Project("{FAE04EC0-301F-11D3-BF4B-00C04F79EFBC}") = "LinkDev.IKEA.DAL", "LinkDev.IKEA.DAL\LinkDev.IKEA.DAL.csproj", "{A2DBAE2A-EBC8-4156-90C7-707A3D4B7113}"
EndProject
Global
	GlobalSection(SolutionConfigurationPlatforms) = preSolution
		Debug|Any CPU = Debug|Any CPU
		Release|Any CPU = Release|Any CPU
	EndGlobalSection
	GlobalSection(ProjectConfigurationPlatforms) = postSolution
		{AAEAC354-F432-4B41-951F-75F4CFB1E8FA}.Debug|Any CPU.ActiveCfg = Debug|Any CPU
		{AAEAC354-F432-4B41-951F-75F4CFB1E8FA}.Debug|Any CPU.Build.0 = Debug|Any CPU
		{AAEAC354-F432-4B41-951F-75F4CFB1E8FA}.Release|Any CPU.ActiveCfg = Release|Any CPU
		{AAEAC354-F432-4B41-951F-75F4CFB1E8FA}.Release|Any CPU.Build.0 = Release|Any CPU
		{34A31029-5DB7-4C94-ACCD-E101DD2B2055}.Debug|Any CPU.ActiveCfg = Debug|Any CPU
		{34A31029-5DB7-4C94-ACCD-E101DD2B2055}.Debug|Any CPU.Build.0 = Debug|Any CPU
		{34A31029-5DB7-4C94-ACCD-E101DD2B2055}.Release|Any CPU.ActiveCfg = Release|Any CPU
		{34A31029-5DB7-4C94-ACCD-E101DD2B2055}.Release|Any CPU.Build.0 = Release|Any CPU
		{A2DBAE2A-EBC8-4156-90C7-707A3D4B7113}.Debug|Any CPU.ActiveCfg = Debug|Any CPU
		{A2DBAE2A-EBC8-4156-90C7-707A3D4B7113}.Debug|Any CPU.Build.0 = Debug|Any CPU
		{A2DBAE2A-EBC8-4156-90C7-707A3D4B7113}.Release|Any CPU.ActiveCfg = Release|Any CPU
		{A2DBAE2A-EBC8-4156-90C7-707A3D4B7113}.Release|Any CPU.Build.0 = Release|Any CPU
	EndGlobalSection
	GlobalSection(SolutionProperties) = preSolution
		HideSolutionNode = FALSE
	EndGlobalSection
EndGlobal
